{
  "name": "ampersand-react-mixin",
  "version": "1.1.0",
  "lockfileVersion": 1,
  "dependencies": {
    "ampersand-events": {
      "version": "1.1.1",
      "resolved": "https://registry.npmjs.org/ampersand-events/-/ampersand-events-1.1.1.tgz",
      "integrity": "sha1-pQDpjMrorZKqHZV0TFM9nBChZTA="
    },
    "ampersand-version": {
      "version": "1.0.2",
      "resolved": "https://registry.npmjs.org/ampersand-version/-/ampersand-version-1.0.2.tgz",
      "integrity": "sha1-/489TOrE0yzNg/a9Zpc5f3tZ4sA="
    },
    "core-util-is": {
      "version": "1.0.2",
      "resolved": "https://registry.npmjs.org/core-util-is/-/core-util-is-1.0.2.tgz",
      "integrity": "sha1-tf1UIgqivFq1eqtxQMlAdUUDwac="
    },
    "find-root": {
      "version": "0.1.2",
      "resolved": "https://registry.npmjs.org/find-root/-/find-root-0.1.2.tgz",
      "integrity": "sha1-mNImfP8ZFsyvJ0OzoO6oHXnX3NE="
    },
    "inherits": {
      "version": "2.0.3",
      "resolved": "https://registry.npmjs.org/inherits/-/inherits-2.0.3.tgz",
      "integrity": "sha1-Yzwsg+PaQqUC9SRmAiSA9CCCYd4="
    },
    "isarray": {
      "version": "0.0.1",
      "resolved": "https://registry.npmjs.org/isarray/-/isarray-0.0.1.tgz",
      "integrity": "sha1-ihis/Kmo9Bd+Cav8YDiTmwXR7t8="
    },
    "lodash._arrayeach": {
      "version": "3.0.0",
      "resolved": "https://registry.npmjs.org/lodash._arrayeach/-/lodash._arrayeach-3.0.0.tgz",
      "integrity": "sha1-urFWsqkNPxu9XGU0AzSeXlkz754="
    },
    "lodash._baseassign": {
      "version": "3.2.0",
      "resolved": "https://registry.npmjs.org/lodash._baseassign/-/lodash._baseassign-3.2.0.tgz",
      "integrity": "sha1-jDigmVAPIVrQnlnxci/QxSv+Ck4="
    },
    "lodash._basecopy": {
      "version": "3.0.1",
      "resolved": "https://registry.npmjs.org/lodash._basecopy/-/lodash._basecopy-3.0.1.tgz",
      "integrity": "sha1-jaDmqHbPNEwK2KVIghEd08XHyjY="
    },
    "lodash._baseeach": {
      "version": "3.0.4",
      "resolved": "https://registry.npmjs.org/lodash._baseeach/-/lodash._baseeach-3.0.4.tgz",
      "integrity": "sha1-z4cGVyyhROjZ11InyZDamC+TKvM="
    },
    "lodash._bindcallback": {
      "version": "3.0.1",
      "resolved": "https://registry.npmjs.org/lodash._bindcallback/-/lodash._bindcallback-3.0.1.tgz",
      "integrity": "sha1-5THCdkTPi1epnhftlbNcdIeJOS4="
    },
    "lodash._createassigner": {
      "version": "3.1.1",
      "resolved": "https://registry.npmjs.org/lodash._createassigner/-/lodash._createassigner-3.1.1.tgz",
      "integrity": "sha1-g4pbri/aymOsIt7o4Z+k5taXCxE="
    },
    "lodash._createwrapper": {
      "version": "3.2.0",
      "resolved": "https://registry.npmjs.org/lodash._createwrapper/-/lodash._createwrapper-3.2.0.tgz",
      "integrity": "sha1-30U+ZkFjIXuJWkVAZa8cR6DqPE0="
    },
    "lodash._getnative": {
      "version": "3.9.1",
      "resolved": "https://registry.npmjs.org/lodash._getnative/-/lodash._getnative-3.9.1.tgz",
      "integrity": "sha1-VwvH3t5G1hzc3mh9ZdPuy6o6r/U="
    },
    "lodash._isiterateecall": {
      "version": "3.0.9",
      "resolved": "https://registry.npmjs.org/lodash._isiterateecall/-/lodash._isiterateecall-3.0.9.tgz",
      "integrity": "sha1-UgOte6Ql+uhCRg5pbbnPPmqsBXw="
    },
    "lodash._replaceholders": {
      "version": "3.0.0",
      "resolved": "https://registry.npmjs.org/lodash._replaceholders/-/lodash._replaceholders-3.0.0.tgz",
      "integrity": "sha1-iru3EmxDH37XRPe6rznwi8m9nVg="
    },
    "lodash._root": {
      "version": "3.0.1",
      "resolved": "https://registry.npmjs.org/lodash._root/-/lodash._root-3.0.1.tgz",
      "integrity": "sha1-+6HEUkwZ7ppfgTa0YJ8BfPTe1pI="
    },
    "lodash.assign": {
      "version": "3.2.0",
      "resolved": "https://registry.npmjs.org/lodash.assign/-/lodash.assign-3.2.0.tgz",
      "integrity": "sha1-POnwI0tLIiPilrj6CsH+6OvKZPo="
    },
    "lodash.before": {
      "version": "3.0.3",
      "resolved": "https://registry.npmjs.org/lodash.before/-/lodash.before-3.0.3.tgz",
      "integrity": "sha1-aHeDZg6hqPrE8B4ndN4PUgaxYc4="
    },
    "lodash.bind": {
      "version": "3.1.0",
      "resolved": "https://registry.npmjs.org/lodash.bind/-/lodash.bind-3.1.0.tgz",
      "integrity": "sha1-+V9IY419i7tYVPkIJmUnmZ+/pLs="
    },
    "lodash.foreach": {
      "version": "3.0.3",
      "resolved": "https://registry.npmjs.org/lodash.foreach/-/lodash.foreach-3.0.3.tgz",
      "integrity": "sha1-b9fvt5aRrs1n/erCdhyY5wHWw5o="
    },
    "lodash.isarguments": {
      "version": "3.1.0",
      "resolved": "https://registry.npmjs.org/lodash.isarguments/-/lodash.isarguments-3.1.0.tgz",
      "integrity": "sha1-L1c9hcaiQon/AGY7SRwdM4/zRYo="
    },
    "lodash.isarray": {
      "version": "3.0.4",
      "resolved": "https://registry.npmjs.org/lodash.isarray/-/lodash.isarray-3.0.4.tgz",
      "integrity": "sha1-eeTriMNqgSKvhvhEqpvNhRtfu1U="
    },
    "lodash.isempty": {
      "version": "3.0.4",
      "resolved": "https://registry.npmjs.org/lodash.isempty/-/lodash.isempty-3.0.4.tgz",
      "integrity": "sha1-O8Vb+BHW0jLV4zVM4shkR6IPGtU="
    },
    "lodash.isfunction": {
      "version": "3.0.8",
      "resolved": "https://registry.npmjs.org/lodash.isfunction/-/lodash.isfunction-3.0.8.tgz",
      "integrity": "sha1-TbcJ/IG8So/XEnpFilNGxc3OLGs="
    },
    "lodash.isstring": {
      "version": "3.0.1",
      "resolved": "https://registry.npmjs.org/lodash.isstring/-/lodash.isstring-3.0.1.tgz",
      "integrity": "sha1-QWOJROoELvZ61nwpOqVB0/PW5Tw="
    },
    "lodash.keys": {
      "version": "3.1.2",
      "resolved": "https://registry.npmjs.org/lodash.keys/-/lodash.keys-3.1.2.tgz",
      "integrity": "sha1-TbwEcrFWvlCgsoaFXRvQsMZWCYo="
    },
    "lodash.once": {
      "version": "3.0.1",
      "resolved": "https://registry.npmjs.org/lodash.once/-/lodash.once-3.0.1.tgz",
      "integrity": "sha1-GBN+yW+jzOhoIm89q7nqcNC8Eo8="
    },
    "lodash.restparam": {
      "version": "3.6.1",
      "resolved": "https://registry.npmjs.org/lodash.restparam/-/lodash.restparam-3.6.1.tgz",
      "integrity": "sha1-k2pOMJ7zMKdkXtQUWYbIWuWyCAU="
    },
    "lodash.uniqueid": {
      "version": "3.2.0",
      "resolved": "https://registry.npmjs.org/lodash.uniqueid/-/lodash.uniqueid-3.2.0.tgz",
      "integrity": "sha1-WUFvE0EDziU9S0qoGCcr4/u8u9s="
    },
    "readable-stream": {
      "version": "1.0.34",
      "resolved": "https://registry.npmjs.org/readable-stream/-/readable-stream-1.0.34.tgz",
      "integrity": "sha1-Elgg40vIQtLyqq+v5MKRbuMsFXw="
    },
    "string_decoder": {
      "version": "0.10.31",
      "resolved": "https://registry.npmjs.org/string_decoder/-/string_decoder-0.10.31.tgz",
      "integrity": "sha1-YuIDvEF2bGwoyfyEMB2rHFMQ+pQ="
    },
    "through2": {
      "version": "0.6.5",
      "resolved": "https://registry.npmjs.org/through2/-/through2-0.6.5.tgz",
      "integrity": "sha1-QaucZ7KdVyCQcUEOHXp6lozTrUg="
    },
    "xtend": {
      "version": "4.0.1",
      "resolved": "https://registry.npmjs.org/xtend/-/xtend-4.0.1.tgz",
      "integrity": "sha1-pcbVMr5lbiPbgg77lDofBJmNY68="
    }
  }
}
